// !$*UTF8*$!
{
	archiveVersion = 1;
	classes = {
	};
	objectVersion = 46;
	objects = {

/* Begin PBXBuildFile section */
		9412E1571C8F4ADC00452C4F /* AppDelegate.swift in Sources */ = {isa = PBXBuildFile; fileRef = 9412E1561C8F4ADC00452C4F /* AppDelegate.swift */; };
		9412E1591C8F4ADC00452C4F /* ViewController.swift in Sources */ = {isa = PBXBuildFile; fileRef = 9412E1581C8F4ADC00452C4F /* ViewController.swift */; };
		9412E15C1C8F4ADC00452C4F /* Main.storyboard in Resources */ = {isa = PBXBuildFile; fileRef = 9412E15A1C8F4ADC00452C4F /* Main.storyboard */; };
		9412E1611C8F4ADC00452C4F /* LaunchScreen.storyboard in Resources */ = {isa = PBXBuildFile; fileRef = 9412E15F1C8F4ADC00452C4F /* LaunchScreen.storyboard */; };
		9412E16C1C8F4ADC00452C4F /* MHSStatsTests.swift in Sources */ = {isa = PBXBuildFile; fileRef = 9412E16B1C8F4ADC00452C4F /* MHSStatsTests.swift */; };
		9412E1771C8F4ADC00452C4F /* MHSStatsUITests.swift in Sources */ = {isa = PBXBuildFile; fileRef = 9412E1761C8F4ADC00452C4F /* MHSStatsUITests.swift */; };
		9412E1871C8F4B5200452C4F /* TeamButton.swift in Sources */ = {isa = PBXBuildFile; fileRef = 9412E1861C8F4B5200452C4F /* TeamButton.swift */; };
		9412E1891C8F4D3300452C4F /* TeamsScreen.swift in Sources */ = {isa = PBXBuildFile; fileRef = 9412E1881C8F4D3300452C4F /* TeamsScreen.swift */; };
		9412E18E1C8F792A00452C4F /* Record.swift in Sources */ = {isa = PBXBuildFile; fileRef = 9412E18D1C8F792A00452C4F /* Record.swift */; };
		9412E1901C8F793400452C4F /* TextProcessor.swift in Sources */ = {isa = PBXBuildFile; fileRef = 9412E18F1C8F793400452C4F /* TextProcessor.swift */; };
		9412E1941C90D05F00452C4F /* ScreenDisplay.swift in Sources */ = {isa = PBXBuildFile; fileRef = 9412E1931C90D05F00452C4F /* ScreenDisplay.swift */; };
		9412E1971C90D10B00452C4F /* CategorysScreen.swift in Sources */ = {isa = PBXBuildFile; fileRef = 9412E1961C90D10B00452C4F /* CategorysScreen.swift */; };
		9412E1991C90D13400452C4F /* RecordsScreen.swift in Sources */ = {isa = PBXBuildFile; fileRef = 9412E1981C90D13400452C4F /* RecordsScreen.swift */; };
		9412E19B1C90D47A00452C4F /* CategoryButton.swift in Sources */ = {isa = PBXBuildFile; fileRef = 9412E19A1C90D47A00452C4F /* CategoryButton.swift */; };
		9412E19D1C90D4B000452C4F /* RecordButton.swift in Sources */ = {isa = PBXBuildFile; fileRef = 9412E19C1C90D4B000452C4F /* RecordButton.swift */; };
		9427DEDE1D064C41006338B7 /* m.png in Resources */ = {isa = PBXBuildFile; fileRef = 9427DEDD1D064C41006338B7 /* m.png */; };
		9427DEE01D064F5B006338B7 /* LoadingScreen.swift in Sources */ = {isa = PBXBuildFile; fileRef = 9427DEDF1D064F5B006338B7 /* LoadingScreen.swift */; };
		9438217E1C99CEBE000CCE6F /* MyButton.swift in Sources */ = {isa = PBXBuildFile; fileRef = 9438217D1C99CEBE000CCE6F /* MyButton.swift */; };
		944931941C92F68A00F3531B /* TopBar.swift in Sources */ = {isa = PBXBuildFile; fileRef = 944931931C92F68A00F3531B /* TopBar.swift */; };
		9460AC271C9B632D00234455 /* Images.xcassets in Resources */ = {isa = PBXBuildFile; fileRef = 9460AC261C9B632D00234455 /* Images.xcassets */; };
		946437F21C9361CC0004CD30 /* MGraphic.swift in Sources */ = {isa = PBXBuildFile; fileRef = 946437F11C9361CC0004CD30 /* MGraphic.swift */; };
		947E4BAC1C91EBEE0038AC8D /* MyScrollView.swift in Sources */ = {isa = PBXBuildFile; fileRef = 947E4BAB1C91EBEE0038AC8D /* MyScrollView.swift */; };
		947E4BAE1C91EC910038AC8D /* BackButton.swift in Sources */ = {isa = PBXBuildFile; fileRef = 947E4BAD1C91EC910038AC8D /* BackButton.swift */; };
		947E4BB01C92223F0038AC8D /* FileStructure.swift in Sources */ = {isa = PBXBuildFile; fileRef = 947E4BAF1C92223F0038AC8D /* FileStructure.swift */; };
		947F7EBF1CF1E78400E54FB6 /* BestPlayerScreen.swift in Sources */ = {isa = PBXBuildFile; fileRef = 947F7EBE1CF1E78400E54FB6 /* BestPlayerScreen.swift */; };
		94838B6E1CEFAC710053985D /* BestYearScreen.swift in Sources */ = {isa = PBXBuildFile; fileRef = 94838B6D1CEFAC710053985D /* BestYearScreen.swift */; };
		94838B701CEFB1870053985D /* BestTypeDisplay.swift in Sources */ = {isa = PBXBuildFile; fileRef = 94838B6F1CEFB1870053985D /* BestTypeDisplay.swift */; };
		94919FBC1CEF36B8008B5A50 /* BestTeamScreen.swift in Sources */ = {isa = PBXBuildFile; fileRef = 94919FBB1CEF36B8008B5A50 /* BestTeamScreen.swift */; };
		94966F2F1CD3C2A500053D45 /* StatsScreen.swift in Sources */ = {isa = PBXBuildFile; fileRef = 94966F2E1CD3C2A500053D45 /* StatsScreen.swift */; };
		9498644C1CEE789900B7975A /* RecordsGraph.swift in Sources */ = {isa = PBXBuildFile; fileRef = 9498644B1CEE789900B7975A /* RecordsGraph.swift */; };
		949864521CEE7B7D00B7975A /* UIMethods.swift in Sources */ = {isa = PBXBuildFile; fileRef = 949864511CEE7B7D00B7975A /* UIMethods.swift */; };
		949C13651CB56EBA00FFCBAD /* NewRecordsBar.swift in Sources */ = {isa = PBXBuildFile; fileRef = 949C13641CB56EBA00FFCBAD /* NewRecordsBar.swift */; };
		949C136A1CB5731800FFCBAD /* NewRecordButton.swift in Sources */ = {isa = PBXBuildFile; fileRef = 949C13691CB5731800FFCBAD /* NewRecordButton.swift */; };
		94DB6A501CA34B82004ECC72 /* WaysToGoBack.swift in Sources */ = {isa = PBXBuildFile; fileRef = 94DB6A4F1CA34B82004ECC72 /* WaysToGoBack.swift */; };
/* End PBXBuildFile section */

/* Begin PBXContainerItemProxy section */
		9412E1681C8F4ADC00452C4F /* PBXContainerItemProxy */ = {
			isa = PBXContainerItemProxy;
			containerPortal = 9412E14B1C8F4ADC00452C4F /* Project object */;
			proxyType = 1;
			remoteGlobalIDString = 9412E1521C8F4ADC00452C4F;
			remoteInfo = MHSStats;
		};
		9412E1731C8F4ADC00452C4F /* PBXContainerItemProxy */ = {
			isa = PBXContainerItemProxy;
			containerPortal = 9412E14B1C8F4ADC00452C4F /* Project object */;
			proxyType = 1;
			remoteGlobalIDString = 9412E1521C8F4ADC00452C4F;
			remoteInfo = MHSStats;
		};
/* End PBXContainerItemProxy section */

/* Begin PBXFileReference section */
		9412E1531C8F4ADC00452C4F /* MHSStats.app */ = {isa = PBXFileReference; explicitFileType = wrapper.application; includeInIndex = 0; path = MHSStats.app; sourceTree = BUILT_PRODUCTS_DIR; };
		9412E1561C8F4ADC00452C4F /* AppDelegate.swift */ = {isa = PBXFileReference; lastKnownFileType = sourcecode.swift; path = AppDelegate.swift; sourceTree = "<group>"; };
		9412E1581C8F4ADC00452C4F /* ViewController.swift */ = {isa = PBXFileReference; lastKnownFileType = sourcecode.swift; path = ViewController.swift; sourceTree = "<group>"; };
		9412E15B1C8F4ADC00452C4F /* Base */ = {isa = PBXFileReference; lastKnownFileType = file.storyboard; name = Base; path = Base.lproj/Main.storyboard; sourceTree = "<group>"; };
		9412E1601C8F4ADC00452C4F /* Base */ = {isa = PBXFileReference; lastKnownFileType = file.storyboard; name = Base; path = Base.lproj/LaunchScreen.storyboard; sourceTree = "<group>"; };
		9412E1671C8F4ADC00452C4F /* MHSStatsTests.xctest */ = {isa = PBXFileReference; explicitFileType = wrapper.cfbundle; includeInIndex = 0; path = MHSStatsTests.xctest; sourceTree = BUILT_PRODUCTS_DIR; };
		9412E16B1C8F4ADC00452C4F /* MHSStatsTests.swift */ = {isa = PBXFileReference; lastKnownFileType = sourcecode.swift; path = MHSStatsTests.swift; sourceTree = "<group>"; };
		9412E16D1C8F4ADC00452C4F /* Info.plist */ = {isa = PBXFileReference; lastKnownFileType = text.plist.xml; path = Info.plist; sourceTree = "<group>"; };
		9412E1721C8F4ADC00452C4F /* MHSStatsUITests.xctest */ = {isa = PBXFileReference; explicitFileType = wrapper.cfbundle; includeInIndex = 0; path = MHSStatsUITests.xctest; sourceTree = BUILT_PRODUCTS_DIR; };
		9412E1761C8F4ADC00452C4F /* MHSStatsUITests.swift */ = {isa = PBXFileReference; lastKnownFileType = sourcecode.swift; path = MHSStatsUITests.swift; sourceTree = "<group>"; };
		9412E1781C8F4ADC00452C4F /* Info.plist */ = {isa = PBXFileReference; lastKnownFileType = text.plist.xml; path = Info.plist; sourceTree = "<group>"; };
		9412E1861C8F4B5200452C4F /* TeamButton.swift */ = {isa = PBXFileReference; fileEncoding = 4; lastKnownFileType = sourcecode.swift; path = TeamButton.swift; sourceTree = "<group>"; };
		9412E1881C8F4D3300452C4F /* TeamsScreen.swift */ = {isa = PBXFileReference; fileEncoding = 4; lastKnownFileType = sourcecode.swift; path = TeamsScreen.swift; sourceTree = "<group>"; };
		9412E18D1C8F792A00452C4F /* Record.swift */ = {isa = PBXFileReference; fileEncoding = 4; lastKnownFileType = sourcecode.swift; path = Record.swift; sourceTree = "<group>"; };
		9412E18F1C8F793400452C4F /* TextProcessor.swift */ = {isa = PBXFileReference; fileEncoding = 4; lastKnownFileType = sourcecode.swift; path = TextProcessor.swift; sourceTree = "<group>"; };
		9412E1931C90D05F00452C4F /* ScreenDisplay.swift */ = {isa = PBXFileReference; fileEncoding = 4; lastKnownFileType = sourcecode.swift; path = ScreenDisplay.swift; sourceTree = "<group>"; };
		9412E1961C90D10B00452C4F /* CategorysScreen.swift */ = {isa = PBXFileReference; fileEncoding = 4; lastKnownFileType = sourcecode.swift; path = CategorysScreen.swift; sourceTree = "<group>"; };
		9412E1981C90D13400452C4F /* RecordsScreen.swift */ = {isa = PBXFileReference; fileEncoding = 4; lastKnownFileType = sourcecode.swift; path = RecordsScreen.swift; sourceTree = "<group>"; };
		9412E19A1C90D47A00452C4F /* CategoryButton.swift */ = {isa = PBXFileReference; fileEncoding = 4; lastKnownFileType = sourcecode.swift; path = CategoryButton.swift; sourceTree = "<group>"; };
		9412E19C1C90D4B000452C4F /* RecordButton.swift */ = {isa = PBXFileReference; fileEncoding = 4; lastKnownFileType = sourcecode.swift; path = RecordButton.swift; sourceTree = "<group>"; };
		9427DEDD1D064C41006338B7 /* m.png */ = {isa = PBXFileReference; lastKnownFileType = image.png; path = m.png; sourceTree = "<group>"; };
		9427DEDF1D064F5B006338B7 /* LoadingScreen.swift */ = {isa = PBXFileReference; fileEncoding = 4; lastKnownFileType = sourcecode.swift; path = LoadingScreen.swift; sourceTree = "<group>"; };
		9438217D1C99CEBE000CCE6F /* MyButton.swift */ = {isa = PBXFileReference; fileEncoding = 4; lastKnownFileType = sourcecode.swift; path = MyButton.swift; sourceTree = "<group>"; };
		944931931C92F68A00F3531B /* TopBar.swift */ = {isa = PBXFileReference; fileEncoding = 4; lastKnownFileType = sourcecode.swift; path = TopBar.swift; sourceTree = "<group>"; };
		9460AC261C9B632D00234455 /* Images.xcassets */ = {isa = PBXFileReference; lastKnownFileType = folder.assetcatalog; path = Images.xcassets; sourceTree = "<group>"; };
		946437F11C9361CC0004CD30 /* MGraphic.swift */ = {isa = PBXFileReference; fileEncoding = 4; lastKnownFileType = sourcecode.swift; path = MGraphic.swift; sourceTree = "<group>"; };
		947E4BAB1C91EBEE0038AC8D /* MyScrollView.swift */ = {isa = PBXFileReference; fileEncoding = 4; lastKnownFileType = sourcecode.swift; path = MyScrollView.swift; sourceTree = "<group>"; };
		947E4BAD1C91EC910038AC8D /* BackButton.swift */ = {isa = PBXFileReference; fileEncoding = 4; lastKnownFileType = sourcecode.swift; path = BackButton.swift; sourceTree = "<group>"; };
		947E4BAF1C92223F0038AC8D /* FileStructure.swift */ = {isa = PBXFileReference; fileEncoding = 4; lastKnownFileType = sourcecode.swift; path = FileStructure.swift; sourceTree = "<group>"; };
		947F7EBE1CF1E78400E54FB6 /* BestPlayerScreen.swift */ = {isa = PBXFileReference; fileEncoding = 4; lastKnownFileType = sourcecode.swift; path = BestPlayerScreen.swift; sourceTree = "<group>"; };
		94838B6D1CEFAC710053985D /* BestYearScreen.swift */ = {isa = PBXFileReference; fileEncoding = 4; lastKnownFileType = sourcecode.swift; path = BestYearScreen.swift; sourceTree = "<group>"; };
		94838B6F1CEFB1870053985D /* BestTypeDisplay.swift */ = {isa = PBXFileReference; fileEncoding = 4; lastKnownFileType = sourcecode.swift; path = BestTypeDisplay.swift; sourceTree = "<group>"; };
		94919FBB1CEF36B8008B5A50 /* BestTeamScreen.swift */ = {isa = PBXFileReference; fileEncoding = 4; lastKnownFileType = sourcecode.swift; path = BestTeamScreen.swift; sourceTree = "<group>"; };
		94966F2E1CD3C2A500053D45 /* StatsScreen.swift */ = {isa = PBXFileReference; fileEncoding = 4; lastKnownFileType = sourcecode.swift; path = StatsScreen.swift; sourceTree = "<group>"; };
		9498644B1CEE789900B7975A /* RecordsGraph.swift */ = {isa = PBXFileReference; fileEncoding = 4; lastKnownFileType = sourcecode.swift; path = RecordsGraph.swift; sourceTree = "<group>"; };
		949864511CEE7B7D00B7975A /* UIMethods.swift */ = {isa = PBXFileReference; fileEncoding = 4; lastKnownFileType = sourcecode.swift; path = UIMethods.swift; sourceTree = "<group>"; };
		949C13641CB56EBA00FFCBAD /* NewRecordsBar.swift */ = {isa = PBXFileReference; fileEncoding = 4; lastKnownFileType = sourcecode.swift; path = NewRecordsBar.swift; sourceTree = "<group>"; };
		949C13691CB5731800FFCBAD /* NewRecordButton.swift */ = {isa = PBXFileReference; fileEncoding = 4; lastKnownFileType = sourcecode.swift; path = NewRecordButton.swift; sourceTree = "<group>"; };
		94DB6A4F1CA34B82004ECC72 /* WaysToGoBack.swift */ = {isa = PBXFileReference; fileEncoding = 4; lastKnownFileType = sourcecode.swift; path = WaysToGoBack.swift; sourceTree = "<group>"; };
		94E6BDF51CA9F184003627CD /* Info.plist */ = {isa = PBXFileReference; fileEncoding = 4; lastKnownFileType = text.plist.xml; path = Info.plist; sourceTree = "<group>"; };
/* End PBXFileReference section */

/* Begin PBXFrameworksBuildPhase section */
		9412E1501C8F4ADC00452C4F /* Frameworks */ = {
			isa = PBXFrameworksBuildPhase;
			buildActionMask = 2147483647;
			files = (
			);
			runOnlyForDeploymentPostprocessing = 0;
		};
		9412E1641C8F4ADC00452C4F /* Frameworks */ = {
			isa = PBXFrameworksBuildPhase;
			buildActionMask = 2147483647;
			files = (
			);
			runOnlyForDeploymentPostprocessing = 0;
		};
		9412E16F1C8F4ADC00452C4F /* Frameworks */ = {
			isa = PBXFrameworksBuildPhase;
			buildActionMask = 2147483647;
			files = (
			);
			runOnlyForDeploymentPostprocessing = 0;
		};
/* End PBXFrameworksBuildPhase section */

/* Begin PBXGroup section */
		9412E14A1C8F4ADC00452C4F = {
			isa = PBXGroup;
			children = (
				9412E1551C8F4ADC00452C4F /* MHSStats */,
				9412E16A1C8F4ADC00452C4F /* MHSStatsTests */,
				9412E1751C8F4ADC00452C4F /* MHSStatsUITests */,
				9412E1541C8F4ADC00452C4F /* Products */,
			);
			sourceTree = "<group>";
		};
		9412E1541C8F4ADC00452C4F /* Products */ = {
			isa = PBXGroup;
			children = (
				9412E1531C8F4ADC00452C4F /* MHSStats.app */,
				9412E1671C8F4ADC00452C4F /* MHSStatsTests.xctest */,
				9412E1721C8F4ADC00452C4F /* MHSStatsUITests.xctest */,
			);
			name = Products;
			sourceTree = "<group>";
		};
		9412E1551C8F4ADC00452C4F /* MHSStats */ = {
			isa = PBXGroup;
			children = (
				9427DEDD1D064C41006338B7 /* m.png */,
				94E6BDF51CA9F184003627CD /* Info.plist */,
				9460AC261C9B632D00234455 /* Images.xcassets */,
				946437F31C9361D30004CD30 /* Graphics */,
				9412E18C1C8F791C00452C4F /* Processing */,
				9412E1851C8F4AFE00452C4F /* Screens */,
				9412E1841C8F4AEE00452C4F /* Buttons */,
				9412E1561C8F4ADC00452C4F /* AppDelegate.swift */,
				9412E1581C8F4ADC00452C4F /* ViewController.swift */,
				9412E15A1C8F4ADC00452C4F /* Main.storyboard */,
				9412E15F1C8F4ADC00452C4F /* LaunchScreen.storyboard */,
				947E4BAF1C92223F0038AC8D /* FileStructure.swift */,
				94DB6A4F1CA34B82004ECC72 /* WaysToGoBack.swift */,
				949864511CEE7B7D00B7975A /* UIMethods.swift */,
			);
			path = MHSStats;
			sourceTree = "<group>";
		};
		9412E16A1C8F4ADC00452C4F /* MHSStatsTests */ = {
			isa = PBXGroup;
			children = (
				9412E16B1C8F4ADC00452C4F /* MHSStatsTests.swift */,
				9412E16D1C8F4ADC00452C4F /* Info.plist */,
			);
			path = MHSStatsTests;
			sourceTree = "<group>";
		};
		9412E1751C8F4ADC00452C4F /* MHSStatsUITests */ = {
			isa = PBXGroup;
			children = (
				9412E1761C8F4ADC00452C4F /* MHSStatsUITests.swift */,
				9412E1781C8F4ADC00452C4F /* Info.plist */,
			);
			path = MHSStatsUITests;
			sourceTree = "<group>";
		};
		9412E1841C8F4AEE00452C4F /* Buttons */ = {
			isa = PBXGroup;
			children = (
				949C13681CB572B700FFCBAD /* MainRecordButtons */,
				947E4BAD1C91EC910038AC8D /* BackButton.swift */,
				949C13691CB5731800FFCBAD /* NewRecordButton.swift */,
			);
			name = Buttons;
			sourceTree = "<group>";
		};
		9412E1851C8F4AFE00452C4F /* Screens */ = {
			isa = PBXGroup;
			children = (
				9498644A1CEE788700B7975A /* StatsParts */,
				949C13671CB5729500FFCBAD /* TopBarDisplays */,
				949C13661CB5727500FFCBAD /* MainGroupDisplays */,
				9412E1931C90D05F00452C4F /* ScreenDisplay.swift */,
				947E4BAB1C91EBEE0038AC8D /* MyScrollView.swift */,
				9427DEDF1D064F5B006338B7 /* LoadingScreen.swift */,
			);
			name = Screens;
			sourceTree = "<group>";
		};
		9412E18C1C8F791C00452C4F /* Processing */ = {
			isa = PBXGroup;
			children = (
				9412E18D1C8F792A00452C4F /* Record.swift */,
				9412E18F1C8F793400452C4F /* TextProcessor.swift */,
			);
			name = Processing;
			sourceTree = "<group>";
		};
		946437F31C9361D30004CD30 /* Graphics */ = {
			isa = PBXGroup;
			children = (
				946437F11C9361CC0004CD30 /* MGraphic.swift */,
			);
			name = Graphics;
			sourceTree = "<group>";
		};
		9498644A1CEE788700B7975A /* StatsParts */ = {
			isa = PBXGroup;
			children = (
				9498644B1CEE789900B7975A /* RecordsGraph.swift */,
				94919FBB1CEF36B8008B5A50 /* BestTeamScreen.swift */,
				94838B6D1CEFAC710053985D /* BestYearScreen.swift */,
				94838B6F1CEFB1870053985D /* BestTypeDisplay.swift */,
				947F7EBE1CF1E78400E54FB6 /* BestPlayerScreen.swift */,
			);
			name = StatsParts;
			sourceTree = "<group>";
		};
		949C13661CB5727500FFCBAD /* MainGroupDisplays */ = {
			isa = PBXGroup;
			children = (
				9412E1961C90D10B00452C4F /* CategorysScreen.swift */,
				9412E1881C8F4D3300452C4F /* TeamsScreen.swift */,
				9412E1981C90D13400452C4F /* RecordsScreen.swift */,
				94966F2E1CD3C2A500053D45 /* StatsScreen.swift */,
			);
			name = MainGroupDisplays;
			sourceTree = "<group>";
		};
		949C13671CB5729500FFCBAD /* TopBarDisplays */ = {
			isa = PBXGroup;
			children = (
				944931931C92F68A00F3531B /* TopBar.swift */,
				949C13641CB56EBA00FFCBAD /* NewRecordsBar.swift */,
			);
			name = TopBarDisplays;
			sourceTree = "<group>";
		};
		949C13681CB572B700FFCBAD /* MainRecordButtons */ = {
			isa = PBXGroup;
			children = (
				9438217D1C99CEBE000CCE6F /* MyButton.swift */,
				9412E1861C8F4B5200452C4F /* TeamButton.swift */,
				9412E19A1C90D47A00452C4F /* CategoryButton.swift */,
				9412E19C1C90D4B000452C4F /* RecordButton.swift */,
			);
			name = MainRecordButtons;
			sourceTree = "<group>";
		};
/* End PBXGroup section */

/* Begin PBXNativeTarget section */
		9412E1521C8F4ADC00452C4F /* MHSStats */ = {
			isa = PBXNativeTarget;
			buildConfigurationList = 9412E17B1C8F4ADC00452C4F /* Build configuration list for PBXNativeTarget "MHSStats" */;
			buildPhases = (
				9412E14F1C8F4ADC00452C4F /* Sources */,
				9412E1501C8F4ADC00452C4F /* Frameworks */,
				9412E1511C8F4ADC00452C4F /* Resources */,
			);
			buildRules = (
			);
			dependencies = (
			);
			name = MHSStats;
			productName = MHSStats;
			productReference = 9412E1531C8F4ADC00452C4F /* MHSStats.app */;
			productType = "com.apple.product-type.application";
		};
		9412E1661C8F4ADC00452C4F /* MHSStatsTests */ = {
			isa = PBXNativeTarget;
			buildConfigurationList = 9412E17E1C8F4ADC00452C4F /* Build configuration list for PBXNativeTarget "MHSStatsTests" */;
			buildPhases = (
				9412E1631C8F4ADC00452C4F /* Sources */,
				9412E1641C8F4ADC00452C4F /* Frameworks */,
				9412E1651C8F4ADC00452C4F /* Resources */,
			);
			buildRules = (
			);
			dependencies = (
				9412E1691C8F4ADC00452C4F /* PBXTargetDependency */,
			);
			name = MHSStatsTests;
			productName = MHSStatsTests;
			productReference = 9412E1671C8F4ADC00452C4F /* MHSStatsTests.xctest */;
			productType = "com.apple.product-type.bundle.unit-test";
		};
		9412E1711C8F4ADC00452C4F /* MHSStatsUITests */ = {
			isa = PBXNativeTarget;
			buildConfigurationList = 9412E1811C8F4ADC00452C4F /* Build configuration list for PBXNativeTarget "MHSStatsUITests" */;
			buildPhases = (
				9412E16E1C8F4ADC00452C4F /* Sources */,
				9412E16F1C8F4ADC00452C4F /* Frameworks */,
				9412E1701C8F4ADC00452C4F /* Resources */,
			);
			buildRules = (
			);
			dependencies = (
				9412E1741C8F4ADC00452C4F /* PBXTargetDependency */,
			);
			name = MHSStatsUITests;
			productName = MHSStatsUITests;
			productReference = 9412E1721C8F4ADC00452C4F /* MHSStatsUITests.xctest */;
			productType = "com.apple.product-type.bundle.ui-testing";
		};
/* End PBXNativeTarget section */

/* Begin PBXProject section */
		9412E14B1C8F4ADC00452C4F /* Project object */ = {
			isa = PBXProject;
			attributes = {
				LastSwiftUpdateCheck = 0720;
				LastUpgradeCheck = 0730;
				ORGANIZATIONNAME = ryanb3;
				TargetAttributes = {
					9412E1521C8F4ADC00452C4F = {
						CreatedOnToolsVersion = 7.2.1;
						DevelopmentTeam = 6324PPSYJF;
						SystemCapabilities = {
							com.apple.BackgroundModes = {
								enabled = 1;
							};
							com.apple.Push = {
								enabled = 1;
							};
						};
					};
					9412E1661C8F4ADC00452C4F = {
						CreatedOnToolsVersion = 7.2.1;
						TestTargetID = 9412E1521C8F4ADC00452C4F;
					};
					9412E1711C8F4ADC00452C4F = {
						CreatedOnToolsVersion = 7.2.1;
						TestTargetID = 9412E1521C8F4ADC00452C4F;
					};
				};
			};
			buildConfigurationList = 9412E14E1C8F4ADC00452C4F /* Build configuration list for PBXProject "MHSStats" */;
			compatibilityVersion = "Xcode 3.2";
			developmentRegion = English;
			hasScannedForEncodings = 0;
			knownRegions = (
				en,
				Base,
			);
			mainGroup = 9412E14A1C8F4ADC00452C4F;
			productRefGroup = 9412E1541C8F4ADC00452C4F /* Products */;
			projectDirPath = "";
			projectRoot = "";
			targets = (
				9412E1521C8F4ADC00452C4F /* MHSStats */,
				9412E1661C8F4ADC00452C4F /* MHSStatsTests */,
				9412E1711C8F4ADC00452C4F /* MHSStatsUITests */,
			);
		};
/* End PBXProject section */

/* Begin PBXResourcesBuildPhase section */
		9412E1511C8F4ADC00452C4F /* Resources */ = {
			isa = PBXResourcesBuildPhase;
			buildActionMask = 2147483647;
			files = (
				9460AC271C9B632D00234455 /* Images.xcassets in Resources */,
				9427DEDE1D064C41006338B7 /* m.png in Resources */,
				9412E1611C8F4ADC00452C4F /* LaunchScreen.storyboard in Resources */,
				9412E15C1C8F4ADC00452C4F /* Main.storyboard in Resources */,
			);
			runOnlyForDeploymentPostprocessing = 0;
		};
		9412E1651C8F4ADC00452C4F /* Resources */ = {
			isa = PBXResourcesBuildPhase;
			buildActionMask = 2147483647;
			files = (
			);
			runOnlyForDeploymentPostprocessing = 0;
		};
		9412E1701C8F4ADC00452C4F /* Resources */ = {
			isa = PBXResourcesBuildPhase;
			buildActionMask = 2147483647;
			files = (
			);
			runOnlyForDeploymentPostprocessing = 0;
		};
/* End PBXResourcesBuildPhase section */

/* Begin PBXSourcesBuildPhase section */
		9412E14F1C8F4ADC00452C4F /* Sources */ = {
			isa = PBXSourcesBuildPhase;
			buildActionMask = 2147483647;
			files = (
				94966F2F1CD3C2A500053D45 /* StatsScreen.swift in Sources */,
				9412E1871C8F4B5200452C4F /* TeamButton.swift in Sources */,
				947E4BAC1C91EBEE0038AC8D /* MyScrollView.swift in Sources */,
				9412E19B1C90D47A00452C4F /* CategoryButton.swift in Sources */,
				94919FBC1CEF36B8008B5A50 /* BestTeamScreen.swift in Sources */,
				9412E1591C8F4ADC00452C4F /* ViewController.swift in Sources */,
				946437F21C9361CC0004CD30 /* MGraphic.swift in Sources */,
				9412E18E1C8F792A00452C4F /* Record.swift in Sources */,
				9427DEE01D064F5B006338B7 /* LoadingScreen.swift in Sources */,
				9498644C1CEE789900B7975A /* RecordsGraph.swift in Sources */,
				94838B701CEFB1870053985D /* BestTypeDisplay.swift in Sources */,
				9438217E1C99CEBE000CCE6F /* MyButton.swift in Sources */,
				9412E1891C8F4D3300452C4F /* TeamsScreen.swift in Sources */,
				94838B6E1CEFAC710053985D /* BestYearScreen.swift in Sources */,
				947F7EBF1CF1E78400E54FB6 /* BestPlayerScreen.swift in Sources */,
				9412E1571C8F4ADC00452C4F /* AppDelegate.swift in Sources */,
				949864521CEE7B7D00B7975A /* UIMethods.swift in Sources */,
				949C136A1CB5731800FFCBAD /* NewRecordButton.swift in Sources */,
				944931941C92F68A00F3531B /* TopBar.swift in Sources */,
				947E4BB01C92223F0038AC8D /* FileStructure.swift in Sources */,
				9412E19D1C90D4B000452C4F /* RecordButton.swift in Sources */,
				9412E1971C90D10B00452C4F /* CategorysScreen.swift in Sources */,
				94DB6A501CA34B82004ECC72 /* WaysToGoBack.swift in Sources */,
				9412E1901C8F793400452C4F /* TextProcessor.swift in Sources */,
				949C13651CB56EBA00FFCBAD /* NewRecordsBar.swift in Sources */,
				9412E1941C90D05F00452C4F /* ScreenDisplay.swift in Sources */,
				947E4BAE1C91EC910038AC8D /* BackButton.swift in Sources */,
				9412E1991C90D13400452C4F /* RecordsScreen.swift in Sources */,
			);
			runOnlyForDeploymentPostprocessing = 0;
		};
		9412E1631C8F4ADC00452C4F /* Sources */ = {
			isa = PBXSourcesBuildPhase;
			buildActionMask = 2147483647;
			files = (
				9412E16C1C8F4ADC00452C4F /* MHSStatsTests.swift in Sources */,
			);
			runOnlyForDeploymentPostprocessing = 0;
		};
		9412E16E1C8F4ADC00452C4F /* Sources */ = {
			isa = PBXSourcesBuildPhase;
			buildActionMask = 2147483647;
			files = (
				9412E1771C8F4ADC00452C4F /* MHSStatsUITests.swift in Sources */,
			);
			runOnlyForDeploymentPostprocessing = 0;
		};
/* End PBXSourcesBuildPhase section */

/* Begin PBXTargetDependency section */
		9412E1691C8F4ADC00452C4F /* PBXTargetDependency */ = {
			isa = PBXTargetDependency;
			target = 9412E1521C8F4ADC00452C4F /* MHSStats */;
			targetProxy = 9412E1681C8F4ADC00452C4F /* PBXContainerItemProxy */;
		};
		9412E1741C8F4ADC00452C4F /* PBXTargetDependency */ = {
			isa = PBXTargetDependency;
			target = 9412E1521C8F4ADC00452C4F /* MHSStats */;
			targetProxy = 9412E1731C8F4ADC00452C4F /* PBXContainerItemProxy */;
		};
/* End PBXTargetDependency section */

/* Begin PBXVariantGroup section */
		9412E15A1C8F4ADC00452C4F /* Main.storyboard */ = {
			isa = PBXVariantGroup;
			children = (
				9412E15B1C8F4ADC00452C4F /* Base */,
			);
			name = Main.storyboard;
			sourceTree = "<group>";
		};
		9412E15F1C8F4ADC00452C4F /* LaunchScreen.storyboard */ = {
			isa = PBXVariantGroup;
			children = (
				9412E1601C8F4ADC00452C4F /* Base */,
			);
			name = LaunchScreen.storyboard;
			sourceTree = "<group>";
		};
/* End PBXVariantGroup section */

/* Begin XCBuildConfiguration section */
		9412E1791C8F4ADC00452C4F /* Debug */ = {
			isa = XCBuildConfiguration;
			buildSettings = {
				ALWAYS_SEARCH_USER_PATHS = NO;
				CLANG_CXX_LANGUAGE_STANDARD = "gnu++0x";
				CLANG_CXX_LIBRARY = "libc++";
				CLANG_ENABLE_MODULES = YES;
				CLANG_ENABLE_OBJC_ARC = YES;
				CLANG_WARN_BOOL_CONVERSION = YES;
				CLANG_WARN_CONSTANT_CONVERSION = YES;
				CLANG_WARN_DIRECT_OBJC_ISA_USAGE = YES_ERROR;
				CLANG_WARN_EMPTY_BODY = YES;
				CLANG_WARN_ENUM_CONVERSION = YES;
				CLANG_WARN_INT_CONVERSION = YES;
				CLANG_WARN_OBJC_ROOT_CLASS = YES_ERROR;
				CLANG_WARN_UNREACHABLE_CODE = YES;
				CLANG_WARN__DUPLICATE_METHOD_MATCH = YES;
				"CODE_SIGN_IDENTITY[sdk=iphoneos*]" = "iPhone Developer";
				COPY_PHASE_STRIP = NO;
				DEBUG_INFORMATION_FORMAT = dwarf;
				ENABLE_STRICT_OBJC_MSGSEND = YES;
				ENABLE_TESTABILITY = YES;
				GCC_C_LANGUAGE_STANDARD = gnu99;
				GCC_DYNAMIC_NO_PIC = NO;
				GCC_NO_COMMON_BLOCKS = YES;
				GCC_OPTIMIZATION_LEVEL = 0;
				GCC_PREPROCESSOR_DEFINITIONS = (
					"DEBUG=1",
					"$(inherited)",
				);
				GCC_WARN_64_TO_32_BIT_CONVERSION = YES;
				GCC_WARN_ABOUT_RETURN_TYPE = YES_ERROR;
				GCC_WARN_UNDECLARED_SELECTOR = YES;
				GCC_WARN_UNINITIALIZED_AUTOS = YES_AGGRESSIVE;
				GCC_WARN_UNUSED_FUNCTION = YES;
				GCC_WARN_UNUSED_VARIABLE = YES;
				IPHONEOS_DEPLOYMENT_TARGET = 9.0;
				MTL_ENABLE_DEBUG_INFO = YES;
				ONLY_ACTIVE_ARCH = YES;
				SDKROOT = iphoneos;
				SWIFT_OPTIMIZATION_LEVEL = "-Onone";
				TARGETED_DEVICE_FAMILY = "1,2";
			};
			name = Debug;
		};
		9412E17A1C8F4ADC00452C4F /* Release */ = {
			isa = XCBuildConfiguration;
			buildSettings = {
				ALWAYS_SEARCH_USER_PATHS = NO;
				CLANG_CXX_LANGUAGE_STANDARD = "gnu++0x";
				CLANG_CXX_LIBRARY = "libc++";
				CLANG_ENABLE_MODULES = YES;
				CLANG_ENABLE_OBJC_ARC = YES;
				CLANG_WARN_BOOL_CONVERSION = YES;
				CLANG_WARN_CONSTANT_CONVERSION = YES;
				CLANG_WARN_DIRECT_OBJC_ISA_USAGE = YES_ERROR;
				CLANG_WARN_EMPTY_BODY = YES;
				CLANG_WARN_ENUM_CONVERSION = YES;
				CLANG_WARN_INT_CONVERSION = YES;
				CLANG_WARN_OBJC_ROOT_CLASS = YES_ERROR;
				CLANG_WARN_UNREACHABLE_CODE = YES;
				CLANG_WARN__DUPLICATE_METHOD_MATCH = YES;
				"CODE_SIGN_IDENTITY[sdk=iphoneos*]" = "iPhone Developer";
				COPY_PHASE_STRIP = NO;
				DEBUG_INFORMATION_FORMAT = "dwarf-with-dsym";
				ENABLE_NS_ASSERTIONS = NO;
				ENABLE_STRICT_OBJC_MSGSEND = YES;
				GCC_C_LANGUAGE_STANDARD = gnu99;
				GCC_NO_COMMON_BLOCKS = YES;
				GCC_WARN_64_TO_32_BIT_CONVERSION = YES;
				GCC_WARN_ABOUT_RETURN_TYPE = YES_ERROR;
				GCC_WARN_UNDECLARED_SELECTOR = YES;
				GCC_WARN_UNINITIALIZED_AUTOS = YES_AGGRESSIVE;
				GCC_WARN_UNUSED_FUNCTION = YES;
				GCC_WARN_UNUSED_VARIABLE = YES;
				IPHONEOS_DEPLOYMENT_TARGET = 9.0;
				MTL_ENABLE_DEBUG_INFO = NO;
				SDKROOT = iphoneos;
				TARGETED_DEVICE_FAMILY = "1,2";
				VALIDATE_PRODUCT = YES;
			};
			name = Release;
		};
		9412E17C1C8F4ADC00452C4F /* Debug */ = {
			isa = XCBuildConfiguration;
			buildSettings = {
				ASSETCATALOG_COMPILER_APPICON_NAME = AppIcon;
				CODE_SIGN_IDENTITY = "iPhone Developer";
				"CODE_SIGN_IDENTITY[sdk=iphoneos*]" = "iPhone Developer";
				INFOPLIST_FILE = MHSStats/Info.plist;
				IPHONEOS_DEPLOYMENT_TARGET = 9.0;
				LD_RUNPATH_SEARCH_PATHS = "$(inherited) @executable_path/Frameworks";
				PRODUCT_BUNDLE_IDENTIFIER = com.ryanb3.MHSStats;
				PRODUCT_NAME = "$(TARGET_NAME)";
				PROVISIONING_PROFILE = "";
			};
			name = Debug;
		};
		9412E17D1C8F4ADC00452C4F /* Release */ = {
			isa = XCBuildConfiguration;
			buildSettings = {
				ASSETCATALOG_COMPILER_APPICON_NAME = AppIcon;
				CODE_SIGN_IDENTITY = "iPhone Developer";
				"CODE_SIGN_IDENTITY[sdk=iphoneos*]" = "iPhone Developer";
				INFOPLIST_FILE = MHSStats/Info.plist;
				IPHONEOS_DEPLOYMENT_TARGET = 9.0;
				LD_RUNPATH_SEARCH_PATHS = "$(inherited) @executable_path/Frameworks";
				PRODUCT_BUNDLE_IDENTIFIER = com.ryanb3.MHSStats;
				PRODUCT_NAME = "$(TARGET_NAME)";
				PROVISIONING_PROFILE = "";
			};
			name = Release;
		};
		9412E17F1C8F4ADC00452C4F /* Debug */ = {
			isa = XCBuildConfiguration;
			buildSettings = {
				BUNDLE_LOADER = "$(TEST_HOST)";
				INFOPLIST_FILE = MHSStatsTests/Info.plist;
				LD_RUNPATH_SEARCH_PATHS = "$(inherited) @executable_path/Frameworks @loader_path/Frameworks";
				PRODUCT_BUNDLE_IDENTIFIER = com.ryanb3.MHSStatsTests;
				PRODUCT_NAME = "$(TARGET_NAME)";
				TEST_HOST = "$(BUILT_PRODUCTS_DIR)/MHSStats.app/MHSStats";
			};
			name = Debug;
		};
		9412E1801C8F4ADC00452C4F /* Release */ = {
			isa = XCBuildConfiguration;
			buildSettings = {
				BUNDLE_LOADER = "$(TEST_HOST)";
				INFOPLIST_FILE = MHSStatsTests/Info.plist;
				LD_RUNPATH_SEARCH_PATHS = "$(inherited) @executable_path/Frameworks @loader_path/Frameworks";
				PRODUCT_BUNDLE_IDENTIFIER = com.ryanb3.MHSStatsTests;
				PRODUCT_NAME = "$(TARGET_NAME)";
				TEST_HOST = "$(BUILT_PRODUCTS_DIR)/MHSStats.app/MHSStats";
			};
			name = Release;
		};
		9412E1821C8F4ADC00452C4F /* Debug */ = {
			isa = XCBuildConfiguration;
			buildSettings = {
				INFOPLIST_FILE = MHSStatsUITests/Info.plist;
				LD_RUNPATH_SEARCH_PATHS = "$(inherited) @executable_path/Frameworks @loader_path/Frameworks";
				PRODUCT_BUNDLE_IDENTIFIER = com.ryanb3.MHSStatsUITests;
				PRODUCT_NAME = "$(TARGET_NAME)";
				TEST_TARGET_NAME = MHSStats;
				USES_XCTRUNNER = YES;
			};
			name = Debug;
		};
		9412E1831C8F4ADC00452C4F /* Release */ = {
			isa = XCBuildConfiguration;
			buildSettings = {
				INFOPLIST_FILE = MHSStatsUITests/Info.plist;
				LD_RUNPATH_SEARCH_PATHS = "$(inherited) @executable_path/Frameworks @loader_path/Frameworks";
				PRODUCT_BUNDLE_IDENTIFIER = com.ryanb3.MHSStatsUITests;
				PRODUCT_NAME = "$(TARGET_NAME)";
				TEST_TARGET_NAME = MHSStats;
				USES_XCTRUNNER = YES;
			};
			name = Release;
		};
/* End XCBuildConfiguration section */

/* Begin XCConfigurationList section */
		9412E14E1C8F4ADC00452C4F /* Build configuration list for PBXProject "MHSStats" */ = {
			isa = XCConfigurationList;
			buildConfigurations = (
				9412E1791C8F4ADC00452C4F /* Debug */,
				9412E17A1C8F4ADC00452C4F /* Release */,
			);
			defaultConfigurationIsVisible = 0;
			defaultConfigurationName = Release;
		};
		9412E17B1C8F4ADC00452C4F /* Build configuration list for PBXNativeTarget "MHSStats" */ = {
			isa = XCConfigurationList;
			buildConfigurations = (
				9412E17C1C8F4ADC00452C4F /* Debug */,
				9412E17D1C8F4ADC00452C4F /* Release */,
			);
			defaultConfigurationIsVisible = 0;
			defaultConfigurationName = Release;
		};
		9412E17E1C8F4ADC00452C4F /* Build configuration list for PBXNativeTarget "MHSStatsTests" */ = {
			isa = XCConfigurationList;
			buildConfigurations = (
				9412E17F1C8F4ADC00452C4F /* Debug */,
				9412E1801C8F4ADC00452C4F /* Release */,
			);
			defaultConfigurationIsVisible = 0;
			defaultConfigurationName = Release;
		};
		9412E1811C8F4ADC00452C4F /* Build configuration list for PBXNativeTarget "MHSStatsUITests" */ = {
			isa = XCConfigurationList;
			buildConfigurations = (
				9412E1821C8F4ADC00452C4F /* Debug */,
				9412E1831C8F4ADC00452C4F /* Release */,
			);
			defaultConfigurationIsVisible = 0;
			defaultConfigurationName = Release;
		};
/* End XCConfigurationList section */
	};
	rootObject = 9412E14B1C8F4ADC00452C4F /* Project object */;
}
